// !$*UTF8*$!
{
	archiveVersion = 1;
	classes = {
	};
	objectVersion = 46;
	objects = {

/* Begin PBXBuildFile section */
		38694C671C5A739A006A9236 /* ArrayManagement.m in Sources */ = {isa = PBXBuildFile; fileRef = 38694C661C5A739A006A9236 /* ArrayManagement.m */; };
		38694C6C1C5A9284006A9236 /* DataTestingArray.m in Sources */ = {isa = PBXBuildFile; fileRef = 38694C6B1C5A9284006A9236 /* DataTestingArray.m */; };
		38BEA5C61C58037C00CC4931 /* main.m in Sources */ = {isa = PBXBuildFile; fileRef = 38BEA5C51C58037C00CC4931 /* main.m */; };
		38BEA5C91C58037C00CC4931 /* AppDelegate.m in Sources */ = {isa = PBXBuildFile; fileRef = 38BEA5C81C58037C00CC4931 /* AppDelegate.m */; };
		38BEA5CC1C58037C00CC4931 /* ViewController.m in Sources */ = {isa = PBXBuildFile; fileRef = 38BEA5CB1C58037C00CC4931 /* ViewController.m */; };
		38BEA5CF1C58037C00CC4931 /* Main.storyboard in Resources */ = {isa = PBXBuildFile; fileRef = 38BEA5CD1C58037C00CC4931 /* Main.storyboard */; };
		38BEA5D11C58037C00CC4931 /* Assets.xcassets in Resources */ = {isa = PBXBuildFile; fileRef = 38BEA5D01C58037C00CC4931 /* Assets.xcassets */; };
		38BEA5D41C58037C00CC4931 /* LaunchScreen.storyboard in Resources */ = {isa = PBXBuildFile; fileRef = 38BEA5D21C58037C00CC4931 /* LaunchScreen.storyboard */; };
		38BEA5DF1C58037C00CC4931 /* FlatArrayTests.m in Sources */ = {isa = PBXBuildFile; fileRef = 38BEA5DE1C58037C00CC4931 /* FlatArrayTests.m */; };
/* End PBXBuildFile section */

/* Begin PBXContainerItemProxy section */
		38BEA5DB1C58037C00CC4931 /* PBXContainerItemProxy */ = {
			isa = PBXContainerItemProxy;
			containerPortal = 38BEA5B91C58037C00CC4931 /* Project object */;
			proxyType = 1;
			remoteGlobalIDString = 38BEA5C01C58037C00CC4931;
			remoteInfo = FlatArray;
		};
/* End PBXContainerItemProxy section */

/* Begin PBXFileReference section */
		38694C651C5A739A006A9236 /* ArrayManagement.h */ = {isa = PBXFileReference; fileEncoding = 4; lastKnownFileType = sourcecode.c.h; path = ArrayManagement.h; sourceTree = "<group>"; };
		38694C661C5A739A006A9236 /* ArrayManagement.m */ = {isa = PBXFileReference; fileEncoding = 4; lastKnownFileType = sourcecode.c.objc; path = ArrayManagement.m; sourceTree = "<group>"; };
		38694C6A1C5A9284006A9236 /* DataTestingArray.h */ = {isa = PBXFileReference; fileEncoding = 4; lastKnownFileType = sourcecode.c.h; path = DataTestingArray.h; sourceTree = "<group>"; };
		38694C6B1C5A9284006A9236 /* DataTestingArray.m */ = {isa = PBXFileReference; fileEncoding = 4; lastKnownFileType = sourcecode.c.objc; path = DataTestingArray.m; sourceTree = "<group>"; };
		38BEA5C11C58037C00CC4931 /* FlatArray.app */ = {isa = PBXFileReference; explicitFileType = wrapper.application; includeInIndex = 0; path = FlatArray.app; sourceTree = BUILT_PRODUCTS_DIR; };
		38BEA5C51C58037C00CC4931 /* main.m */ = {isa = PBXFileReference; lastKnownFileType = sourcecode.c.objc; path = main.m; sourceTree = "<group>"; };
		38BEA5C71C58037C00CC4931 /* AppDelegate.h */ = {isa = PBXFileReference; lastKnownFileType = sourcecode.c.h; path = AppDelegate.h; sourceTree = "<group>"; };
		38BEA5C81C58037C00CC4931 /* AppDelegate.m */ = {isa = PBXFileReference; lastKnownFileType = sourcecode.c.objc; path = AppDelegate.m; sourceTree = "<group>"; };
		38BEA5CA1C58037C00CC4931 /* ViewController.h */ = {isa = PBXFileReference; lastKnownFileType = sourcecode.c.h; path = ViewController.h; sourceTree = "<group>"; };
		38BEA5CB1C58037C00CC4931 /* ViewController.m */ = {isa = PBXFileReference; lastKnownFileType = sourcecode.c.objc; path = ViewController.m; sourceTree = "<group>"; };
		38BEA5CE1C58037C00CC4931 /* Base */ = {isa = PBXFileReference; lastKnownFileType = file.storyboard; name = Base; path = Base.lproj/Main.storyboard; sourceTree = "<group>"; };
		38BEA5D01C58037C00CC4931 /* Assets.xcassets */ = {isa = PBXFileReference; lastKnownFileType = folder.assetcatalog; path = Assets.xcassets; sourceTree = "<group>"; };
		38BEA5D31C58037C00CC4931 /* Base */ = {isa = PBXFileReference; lastKnownFileType = file.storyboard; name = Base; path = Base.lproj/LaunchScreen.storyboard; sourceTree = "<group>"; };
		38BEA5D51C58037C00CC4931 /* Info.plist */ = {isa = PBXFileReference; lastKnownFileType = text.plist.xml; path = Info.plist; sourceTree = "<group>"; };
		38BEA5DA1C58037C00CC4931 /* FlatArrayTests.xctest */ = {isa = PBXFileReference; explicitFileType = wrapper.cfbundle; includeInIndex = 0; path = FlatArrayTests.xctest; sourceTree = BUILT_PRODUCTS_DIR; };
		38BEA5DE1C58037C00CC4931 /* FlatArrayTests.m */ = {isa = PBXFileReference; lastKnownFileType = sourcecode.c.objc; path = FlatArrayTests.m; sourceTree = "<group>"; };
		38BEA5E01C58037C00CC4931 /* Info.plist */ = {isa = PBXFileReference; lastKnownFileType = text.plist.xml; path = Info.plist; sourceTree = "<group>"; };
/* End PBXFileReference section */

/* Begin PBXFrameworksBuildPhase section */
		38BEA5BE1C58037C00CC4931 /* Frameworks */ = {
			isa = PBXFrameworksBuildPhase;
			buildActionMask = 2147483647;
			files = (
			);
			runOnlyForDeploymentPostprocessing = 0;
		};
		38BEA5D71C58037C00CC4931 /* Frameworks */ = {
			isa = PBXFrameworksBuildPhase;
			buildActionMask = 2147483647;
			files = (
			);
			runOnlyForDeploymentPostprocessing = 0;
		};
/* End PBXFrameworksBuildPhase section */

/* Begin PBXGroup section */
		38694C681C5A91F2006A9236 /* Controllers */ = {
			isa = PBXGroup;
			children = (
				38BEA5CA1C58037C00CC4931 /* ViewController.h */,
				38BEA5CB1C58037C00CC4931 /* ViewController.m */,
			);
			name = Controllers;
			sourceTree = "<group>";
		};
		38694C691C5A9201006A9236 /* View */ = {
			isa = PBXGroup;
			children = (
				38694C651C5A739A006A9236 /* ArrayManagement.h */,
				38694C661C5A739A006A9236 /* ArrayManagement.m */,
			);
			name = View;
			sourceTree = "<group>";
		};
		38694C6D1C5A9287006A9236 /* Model */ = {
			isa = PBXGroup;
			children = (
				38694C6A1C5A9284006A9236 /* DataTestingArray.h */,
				38694C6B1C5A9284006A9236 /* DataTestingArray.m */,
			);
			name = Model;
			sourceTree = "<group>";
		};
		38BEA5B81C58037C00CC4931 = {
			isa = PBXGroup;
			children = (
				38BEA5C31C58037C00CC4931 /* FlatArray */,
				38BEA5DD1C58037C00CC4931 /* FlatArrayTests */,
				38BEA5C21C58037C00CC4931 /* Products */,
			);
			sourceTree = "<group>";
		};
		38BEA5C21C58037C00CC4931 /* Products */ = {
			isa = PBXGroup;
			children = (
				38BEA5C11C58037C00CC4931 /* FlatArray.app */,
				38BEA5DA1C58037C00CC4931 /* FlatArrayTests.xctest */,
			);
			name = Products;
			sourceTree = "<group>";
		};
		38BEA5C31C58037C00CC4931 /* FlatArray */ = {
			isa = PBXGroup;
			children = (
				38BEA5C71C58037C00CC4931 /* AppDelegate.h */,
				38BEA5C81C58037C00CC4931 /* AppDelegate.m */,
				38694C6D1C5A9287006A9236 /* Model */,
				38694C691C5A9201006A9236 /* View */,
				38694C681C5A91F2006A9236 /* Controllers */,
				38BEA5CD1C58037C00CC4931 /* Main.storyboard */,
				38BEA5D01C58037C00CC4931 /* Assets.xcassets */,
				38BEA5D21C58037C00CC4931 /* LaunchScreen.storyboard */,
				38BEA5D51C58037C00CC4931 /* Info.plist */,
				38BEA5C41C58037C00CC4931 /* Supporting Files */,
			);
			path = FlatArray;
			sourceTree = "<group>";
		};
		38BEA5C41C58037C00CC4931 /* Supporting Files */ = {
			isa = PBXGroup;
			children = (
				38BEA5C51C58037C00CC4931 /* main.m */,
			);
			name = "Supporting Files";
			sourceTree = "<group>";
		};
		38BEA5DD1C58037C00CC4931 /* FlatArrayTests */ = {
			isa = PBXGroup;
			children = (
				38BEA5DE1C58037C00CC4931 /* FlatArrayTests.m */,
				38BEA5E01C58037C00CC4931 /* Info.plist */,
			);
			path = FlatArrayTests;
			sourceTree = "<group>";
		};
/* End PBXGroup section */

/* Begin PBXNativeTarget section */
		38BEA5C01C58037C00CC4931 /* FlatArray */ = {
			isa = PBXNativeTarget;
			buildConfigurationList = 38BEA5E31C58037C00CC4931 /* Build configuration list for PBXNativeTarget "FlatArray" */;
			buildPhases = (
				38BEA5BD1C58037C00CC4931 /* Sources */,
				38BEA5BE1C58037C00CC4931 /* Frameworks */,
				38BEA5BF1C58037C00CC4931 /* Resources */,
			);
			buildRules = (
			);
			dependencies = (
			);
			name = FlatArray;
			productName = FlatArray;
			productReference = 38BEA5C11C58037C00CC4931 /* FlatArray.app */;
			productType = "com.apple.product-type.application";
		};
		38BEA5D91C58037C00CC4931 /* FlatArrayTests */ = {
			isa = PBXNativeTarget;
			buildConfigurationList = 38BEA5E61C58037C00CC4931 /* Build configuration list for PBXNativeTarget "FlatArrayTests" */;
			buildPhases = (
				38BEA5D61C58037C00CC4931 /* Sources */,
				38BEA5D71C58037C00CC4931 /* Frameworks */,
				38BEA5D81C58037C00CC4931 /* Resources */,
			);
			buildRules = (
			);
			dependencies = (
				38BEA5DC1C58037C00CC4931 /* PBXTargetDependency */,
			);
			name = FlatArrayTests;
			productName = FlatArrayTests;
			productReference = 38BEA5DA1C58037C00CC4931 /* FlatArrayTests.xctest */;
			productType = "com.apple.product-type.bundle.unit-test";
		};
/* End PBXNativeTarget section */

/* Begin PBXProject section */
		38BEA5B91C58037C00CC4931 /* Project object */ = {
			isa = PBXProject;
			attributes = {
				LastUpgradeCheck = 0720;
				ORGANIZATIONNAME = seblerom;
				TargetAttributes = {
					38BEA5C01C58037C00CC4931 = {
						CreatedOnToolsVersion = 7.2;
						DevelopmentTeam = 6389YLWL2N;
					};
					38BEA5D91C58037C00CC4931 = {
						CreatedOnToolsVersion = 7.2;
						TestTargetID = 38BEA5C01C58037C00CC4931;
					};
				};
			};
			buildConfigurationList = 38BEA5BC1C58037C00CC4931 /* Build configuration list for PBXProject "FlatArray" */;
			compatibilityVersion = "Xcode 3.2";
			developmentRegion = English;
			hasScannedForEncodings = 0;
			knownRegions = (
				en,
				Base,
			);
			mainGroup = 38BEA5B81C58037C00CC4931;
			productRefGroup = 38BEA5C21C58037C00CC4931 /* Products */;
			projectDirPath = "";
			projectRoot = "";
			targets = (
				38BEA5C01C58037C00CC4931 /* FlatArray */,
				38BEA5D91C58037C00CC4931 /* FlatArrayTests */,
			);
		};
/* End PBXProject section */

/* Begin PBXResourcesBuildPhase section */
		38BEA5BF1C58037C00CC4931 /* Resources */ = {
			isa = PBXResourcesBuildPhase;
			buildActionMask = 2147483647;
			files = (
				38BEA5D41C58037C00CC4931 /* LaunchScreen.storyboard in Resources */,
				38BEA5D11C58037C00CC4931 /* Assets.xcassets in Resources */,
				38BEA5CF1C58037C00CC4931 /* Main.storyboard in Resources */,
			);
			runOnlyForDeploymentPostprocessing = 0;
		};
		38BEA5D81C58037C00CC4931 /* Resources */ = {
			isa = PBXResourcesBuildPhase;
			buildActionMask = 2147483647;
			files = (
			);
			runOnlyForDeploymentPostprocessing = 0;
		};
/* End PBXResourcesBuildPhase section */

/* Begin PBXSourcesBuildPhase section */
		38BEA5BD1C58037C00CC4931 /* Sources */ = {
			isa = PBXSourcesBuildPhase;
			buildActionMask = 2147483647;
			files = (
				38694C671C5A739A006A9236 /* ArrayManagement.m in Sources */,
				38BEA5CC1C58037C00CC4931 /* ViewController.m in Sources */,
				38694C6C1C5A9284006A9236 /* DataTestingArray.m in Sources */,
				38BEA5C91C58037C00CC4931 /* AppDelegate.m in Sources */,
				38BEA5C61C58037C00CC4931 /* main.m in Sources */,
			);
			runOnlyForDeploymentPostprocessing = 0;
		};
		38BEA5D61C58037C00CC4931 /* Sources */ = {
			isa = PBXSourcesBuildPhase;
			buildActionMask = 2147483647;
			files = (
				38BEA5DF1C58037C00CC4931 /* FlatArrayTests.m in Sources */,
			);
			runOnlyForDeploymentPostprocessing = 0;
		};
/* End PBXSourcesBuildPhase section */

/* Begin PBXTargetDependency section */
		38BEA5DC1C58037C00CC4931 /* PBXTargetDependency */ = {
			isa = PBXTargetDependency;
			target = 38BEA5C01C58037C00CC4931 /* FlatArray */;
			targetProxy = 38BEA5DB1C58037C00CC4931 /* PBXContainerItemProxy */;
		};
/* End PBXTargetDependency section */

/* Begin PBXVariantGroup section */
		38BEA5CD1C58037C00CC4931 /* Main.storyboard */ = {
			isa = PBXVariantGroup;
			children = (
				38BEA5CE1C58037C00CC4931 /* Base */,
			);
			name = Main.storyboard;
			sourceTree = "<group>";
		};
		38BEA5D21C58037C00CC4931 /* LaunchScreen.storyboard */ = {
			isa = PBXVariantGroup;
			children = (
				38BEA5D31C58037C00CC4931 /* Base */,
			);
			name = LaunchScreen.storyboard;
			sourceTree = "<group>";
		};
/* End PBXVariantGroup section */

/* Begin XCBuildConfiguration section */
		38BEA5E11C58037C00CC4931 /* Debug */ = {
			isa = XCBuildConfiguration;
			buildSettings = {
				ALWAYS_SEARCH_USER_PATHS = NO;
				CLANG_CXX_LANGUAGE_STANDARD = "gnu++0x";
				CLANG_CXX_LIBRARY = "libc++";
				CLANG_ENABLE_MODULES = YES;
				CLANG_ENABLE_OBJC_ARC = YES;
				CLANG_WARN_BOOL_CONVERSION = YES;
				CLANG_WARN_CONSTANT_CONVERSION = YES;
				CLANG_WARN_DIRECT_OBJC_ISA_USAGE = YES_ERROR;
				CLANG_WARN_EMPTY_BODY = YES;
				CLANG_WARN_ENUM_CONVERSION = YES;
				CLANG_WARN_INT_CONVERSION = YES;
				CLANG_WARN_OBJC_ROOT_CLASS = YES_ERROR;
				CLANG_WARN_UNREACHABLE_CODE = YES;
				CLANG_WARN__DUPLICATE_METHOD_MATCH = YES;
				"CODE_SIGN_IDENTITY[sdk=iphoneos*]" = "iPhone Developer";
				COPY_PHASE_STRIP = NO;
				DEBUG_INFORMATION_FORMAT = dwarf;
				ENABLE_STRICT_OBJC_MSGSEND = YES;
				ENABLE_TESTABILITY = YES;
				GCC_C_LANGUAGE_STANDARD = gnu99;
				GCC_DYNAMIC_NO_PIC = NO;
				GCC_NO_COMMON_BLOCKS = YES;
				GCC_OPTIMIZATION_LEVEL = 0;
				GCC_PREPROCESSOR_DEFINITIONS = (
					"DEBUG=1",
					"$(inherited)",
				);
				GCC_WARN_64_TO_32_BIT_CONVERSION = YES;
				GCC_WARN_ABOUT_RETURN_TYPE = YES_ERROR;
				GCC_WARN_UNDECLARED_SELECTOR = YES;
				GCC_WARN_UNINITIALIZED_AUTOS = YES_AGGRESSIVE;
				GCC_WARN_UNUSED_FUNCTION = YES;
				GCC_WARN_UNUSED_VARIABLE = YES;
				IPHONEOS_DEPLOYMENT_TARGET = 9.2;
				MTL_ENABLE_DEBUG_INFO = YES;
				ONLY_ACTIVE_ARCH = YES;
				SDKROOT = iphoneos;
				TARGETED_DEVICE_FAMILY = "1,2";
			};
			name = Debug;
		};
		38BEA5E21C58037C00CC4931 /* Release */ = {
			isa = XCBuildConfiguration;
			buildSettings = {
				ALWAYS_SEARCH_USER_PATHS = NO;
				CLANG_CXX_LANGUAGE_STANDARD = "gnu++0x";
				CLANG_CXX_LIBRARY = "libc++";
				CLANG_ENABLE_MODULES = YES;
				CLANG_ENABLE_OBJC_ARC = YES;
				CLANG_WARN_BOOL_CONVERSION = YES;
				CLANG_WARN_CONSTANT_CONVERSION = YES;
				CLANG_WARN_DIRECT_OBJC_ISA_USAGE = YES_ERROR;
				CLANG_WARN_EMPTY_BODY = YES;
				CLANG_WARN_ENUM_CONVERSION = YES;
				CLANG_WARN_INT_CONVERSION = YES;
				CLANG_WARN_OBJC_ROOT_CLASS = YES_ERROR;
				CLANG_WARN_UNREACHABLE_CODE = YES;
				CLANG_WARN__DUPLICATE_METHOD_MATCH = YES;
				"CODE_SIGN_IDENTITY[sdk=iphoneos*]" = "iPhone Developer";
				COPY_PHASE_STRIP = NO;
				DEBUG_INFORMATION_FORMAT = "dwarf-with-dsym";
				ENABLE_NS_ASSERTIONS = NO;
				ENABLE_STRICT_OBJC_MSGSEND = YES;
				GCC_C_LANGUAGE_STANDARD = gnu99;
				GCC_NO_COMMON_BLOCKS = YES;
				GCC_WARN_64_TO_32_BIT_CONVERSION = YES;
				GCC_WARN_ABOUT_RETURN_TYPE = YES_ERROR;
				GCC_WARN_UNDECLARED_SELECTOR = YES;
				GCC_WARN_UNINITIALIZED_AUTOS = YES_AGGRESSIVE;
				GCC_WARN_UNUSED_FUNCTION = YES;
				GCC_WARN_UNUSED_VARIABLE = YES;
				IPHONEOS_DEPLOYMENT_TARGET = 9.2;
				MTL_ENABLE_DEBUG_INFO = NO;
				SDKROOT = iphoneos;
				TARGETED_DEVICE_FAMILY = "1,2";
				VALIDATE_PRODUCT = YES;
			};
			name = Release;
		};
		38BEA5E41C58037C00CC4931 /* Debug */ = {
			isa = XCBuildConfiguration;
			buildSettings = {
				ASSETCATALOG_COMPILER_APPICON_NAME = AppIcon;
				CODE_SIGN_IDENTITY = "iPhone Developer";
				INFOPLIST_FILE = FlatArray/Info.plist;
				LD_RUNPATH_SEARCH_PATHS = "$(inherited) @executable_path/Frameworks";
				PRODUCT_BUNDLE_IDENTIFIER = ar.com.seblerom.FlatArray;
				PRODUCT_NAME = "$(TARGET_NAME)";
			};
			name = Debug;
		};
		38BEA5E51C58037C00CC4931 /* Release */ = {
			isa = XCBuildConfiguration;
			buildSettings = {
				ASSETCATALOG_COMPILER_APPICON_NAME = AppIcon;
				CODE_SIGN_IDENTITY = "iPhone Developer";
				INFOPLIST_FILE = FlatArray/Info.plist;
				LD_RUNPATH_SEARCH_PATHS = "$(inherited) @executable_path/Frameworks";
				PRODUCT_BUNDLE_IDENTIFIER = ar.com.seblerom.FlatArray;
				PRODUCT_NAME = "$(TARGET_NAME)";
			};
			name = Release;
		};
		38BEA5E71C58037C00CC4931 /* Debug */ = {
			isa = XCBuildConfiguration;
			buildSettings = {
				BUNDLE_LOADER = "$(TEST_HOST)";
				INFOPLIST_FILE = FlatArrayTests/Info.plist;
				LD_RUNPATH_SEARCH_PATHS = "$(inherited) @executable_path/Frameworks @loader_path/Frameworks";
				PRODUCT_BUNDLE_IDENTIFIER = ar.com.seblerom.FlatArrayTests;
				PRODUCT_NAME = "$(TARGET_NAME)";
				TEST_HOST = "$(BUILT_PRODUCTS_DIR)/FlatArray.app/FlatArray";
			};
			name = Debug;
		};
		38BEA5E81C58037C00CC4931 /* Release */ = {
			isa = XCBuildConfiguration;
			buildSettings = {
				BUNDLE_LOADER = "$(TEST_HOST)";
				INFOPLIST_FILE = FlatArrayTests/Info.plist;
				LD_RUNPATH_SEARCH_PATHS = "$(inherited) @executable_path/Frameworks @loader_path/Frameworks";
				PRODUCT_BUNDLE_IDENTIFIER = ar.com.seblerom.FlatArrayTests;
				PRODUCT_NAME = "$(TARGET_NAME)";
				TEST_HOST = "$(BUILT_PRODUCTS_DIR)/FlatArray.app/FlatArray";
			};
			name = Release;
		};
/* End XCBuildConfiguration section */

/* Begin XCConfigurationList section */
		38BEA5BC1C58037C00CC4931 /* Build configuration list for PBXProject "FlatArray" */ = {
			isa = XCConfigurationList;
			buildConfigurations = (
				38BEA5E11C58037C00CC4931 /* Debug */,
				38BEA5E21C58037C00CC4931 /* Release */,
			);
			defaultConfigurationIsVisible = 0;
			defaultConfigurationName = Release;
		};
		38BEA5E31C58037C00CC4931 /* Build configuration list for PBXNativeTarget "FlatArray" */ = {
			isa = XCConfigurationList;
			buildConfigurations = (
				38BEA5E41C58037C00CC4931 /* Debug */,
				38BEA5E51C58037C00CC4931 /* Release */,
			);
			defaultConfigurationIsVisible = 0;
			defaultConfigurationName = Release;
		};
		38BEA5E61C58037C00CC4931 /* Build configuration list for PBXNativeTarget "FlatArrayTests" */ = {
			isa = XCConfigurationList;
			buildConfigurations = (
				38BEA5E71C58037C00CC4931 /* Debug */,
				38BEA5E81C58037C00CC4931 /* Release */,
			);
			defaultConfigurationIsVisible = 0;
			defaultConfigurationName = Release;
		};
/* End XCConfigurationList section */
	};
	rootObject = 38BEA5B91C58037C00CC4931 /* Project object */;
}
